
Microsoft Visual Studio Solution File, Format Version 12.00
# Visual Studio 2012
Project("{8BC9CEB8-8B4A-11D0-8D11-00A0C91BC942}") = "Data_Generate", "Data_Generate\Data_Generate.vcxproj", "{36BA619E-A9BA-4219-B7D2-B063265ED802}"
EndProject
Project("{8BC9CEB8-8B4A-11D0-8D11-00A0C91BC942}") = "0-1 Pack", "0-1 Pack\0-1 Pack.vcxproj", "{F1E92A92-B17E-4D11-BC89-97E7DF3E7FB2}"
EndProject
Project("{2150E333-8FDC-42A3-9474-1A3956D46DE8}") = "Solution Items", "Solution Items", "{ACEE66A3-DA4E-43D5-A295-AE65F0B71E3F}"
	ProjectSection(SolutionItems) = preProject
		DEFINE.h = DEFINE.h
	EndProjectSection
EndProject
Project("{8BC9CEB8-8B4A-11D0-8D11-00A0C91BC942}") = "Test", "Test\Test.vcxproj", "{384D92A6-6E43-4171-A40B-1E6FCAB0D5C3}"
EndProject
Global
	GlobalSection(SolutionConfigurationPlatforms) = preSolution
		Debug|Win32 = Debug|Win32
		Release|Win32 = Release|Win32
	EndGlobalSection
	GlobalSection(ProjectConfigurationPlatforms) = postSolution
		{36BA619E-A9BA-4219-B7D2-B063265ED802}.Debug|Win32.ActiveCfg = Debug|Win32
		{36BA619E-A9BA-4219-B7D2-B063265ED802}.Debug|Win32.Build.0 = Debug|Win32
		{36BA619E-A9BA-4219-B7D2-B063265ED802}.Release|Win32.ActiveCfg = Release|Win32
		{36BA619E-A9BA-4219-B7D2-B063265ED802}.Release|Win32.Build.0 = Release|Win32
		{F1E92A92-B17E-4D11-BC89-97E7DF3E7FB2}.Debug|Win32.ActiveCfg = Debug|Win32
		{F1E92A92-B17E-4D11-BC89-97E7DF3E7FB2}.Debug|Win32.Build.0 = Debug|Win32
		{F1E92A92-B17E-4D11-BC89-97E7DF3E7FB2}.Release|Win32.ActiveCfg = Release|Win32
		{F1E92A92-B17E-4D11-BC89-97E7DF3E7FB2}.Release|Win32.Build.0 = Release|Win32
		{384D92A6-6E43-4171-A40B-1E6FCAB0D5C3}.Debug|Win32.ActiveCfg = Debug|Win32
		{384D92A6-6E43-4171-A40B-1E6FCAB0D5C3}.Debug|Win32.Build.0 = Debug|Win32
		{384D92A6-6E43-4171-A40B-1E6FCAB0D5C3}.Release|Win32.ActiveCfg = Release|Win32
		{384D92A6-6E43-4171-A40B-1E6FCAB0D5C3}.Release|Win32.Build.0 = Release|Win32
	EndGlobalSection
	GlobalSection(SolutionProperties) = preSolution
		HideSolutionNode = FALSE
	EndGlobalSection
EndGlobal
